PODS:
  - SnapshotKit (0.3.0)
  - SVProgressHUD (2.2.5)

DEPENDENCIES:
  - SnapshotKit (from `../`)
  - SVProgressHUD

SPEC REPOS:
  https://github.com/CocoaPods/Specs.git:
    - SVProgressHUD

EXTERNAL SOURCES:
  SnapshotKit:
    :path: "../"

SPEC CHECKSUMS:
  SnapshotKit: 5110f6a952c9500f65bd51dae49c8ac0ce8f0f04
  SVProgressHUD: 1428aafac632c1f86f62aa4243ec12008d7a51d6

PODFILE CHECKSUM: d57c8d5a799c1fb90dc83a5912e06927c96b58ef

COCOAPODS: 1.9.3
